
Microsoft Visual Studio Solution File, Format Version 12.00
# Visual Studio Version 17
VisualStudioVersion = 17.5.002.0
MinimumVisualStudioVersion = 10.0.40219.1
Project("{9A19103F-16F7-4668-BE54-9A1E7A4F7556}") = "Construtores", "Construtores.csproj", "{57454A04-0204-4723-8895-8DF4EDA00EB0}"
EndProject
Global
	GlobalSection(SolutionConfigurationPlatforms) = preSolution
		Debug|Any CPU = Debug|Any CPU
		Release|Any CPU = Release|Any CPU
	EndGlobalSection
	GlobalSection(ProjectConfigurationPlatforms) = postSolution
		{57454A04-0204-4723-8895-8DF4EDA00EB0}.Debug|Any CPU.ActiveCfg = Debug|Any CPU
		{57454A04-0204-4723-8895-8DF4EDA00EB0}.Debug|Any CPU.Build.0 = Debug|Any CPU
		{57454A04-0204-4723-8895-8DF4EDA00EB0}.Release|Any CPU.ActiveCfg = Release|Any CPU
		{57454A04-0204-4723-8895-8DF4EDA00EB0}.Release|Any CPU.Build.0 = Release|Any CPU
	EndGlobalSection
	GlobalSection(SolutionProperties) = preSolution
		HideSolutionNode = FALSE
	EndGlobalSection
	GlobalSection(ExtensibilityGlobals) = postSolution
		SolutionGuid = {E1D3E7C9-F23B-4733-8120-D1923C9B57A1}
	EndGlobalSection
EndGlobal
