
Microsoft Visual Studio Solution File, Format Version 12.00
# Visual Studio Version 17
VisualStudioVersion = 17.5.002.0
MinimumVisualStudioVersion = 10.0.40219.1
Project("{9A19103F-16F7-4668-BE54-9A1E7A4F7556}") = "Calculator", "Calculator.csproj", "{A7726A07-E812-4DF6-B092-1456D0EE639C}"
EndProject
Global
	GlobalSection(SolutionConfigurationPlatforms) = preSolution
		Debug|Any CPU = Debug|Any CPU
		Release|Any CPU = Release|Any CPU
	EndGlobalSection
	GlobalSection(ProjectConfigurationPlatforms) = postSolution
		{A7726A07-E812-4DF6-B092-1456D0EE639C}.Debug|Any CPU.ActiveCfg = Debug|Any CPU
		{A7726A07-E812-4DF6-B092-1456D0EE639C}.Debug|Any CPU.Build.0 = Debug|Any CPU
		{A7726A07-E812-4DF6-B092-1456D0EE639C}.Release|Any CPU.ActiveCfg = Release|Any CPU
		{A7726A07-E812-4DF6-B092-1456D0EE639C}.Release|Any CPU.Build.0 = Release|Any CPU
	EndGlobalSection
	GlobalSection(SolutionProperties) = preSolution
		HideSolutionNode = FALSE
	EndGlobalSection
	GlobalSection(ExtensibilityGlobals) = postSolution
		SolutionGuid = {98E104E0-CA6B-48A3-8B12-F1D4EAAF9FF2}
	EndGlobalSection
EndGlobal
