
Microsoft Visual Studio Solution File, Format Version 12.00
# Visual Studio Version 17
VisualStudioVersion = 17.5.002.0
MinimumVisualStudioVersion = 10.0.40219.1
Project("{9A19103F-16F7-4668-BE54-9A1E7A4F7556}") = "ClasseObjeto", "ClasseObjeto\ClasseObjeto.csproj", "{09312209-098F-4D48-B7DD-5F7DC7509A3E}"
EndProject
Global
	GlobalSection(SolutionConfigurationPlatforms) = preSolution
		Debug|Any CPU = Debug|Any CPU
		Release|Any CPU = Release|Any CPU
	EndGlobalSection
	GlobalSection(ProjectConfigurationPlatforms) = postSolution
		{09312209-098F-4D48-B7DD-5F7DC7509A3E}.Debug|Any CPU.ActiveCfg = Debug|Any CPU
		{09312209-098F-4D48-B7DD-5F7DC7509A3E}.Debug|Any CPU.Build.0 = Debug|Any CPU
		{09312209-098F-4D48-B7DD-5F7DC7509A3E}.Release|Any CPU.ActiveCfg = Release|Any CPU
		{09312209-098F-4D48-B7DD-5F7DC7509A3E}.Release|Any CPU.Build.0 = Release|Any CPU
	EndGlobalSection
	GlobalSection(SolutionProperties) = preSolution
		HideSolutionNode = FALSE
	EndGlobalSection
	GlobalSection(ExtensibilityGlobals) = postSolution
		SolutionGuid = {6B576D0B-0829-483B-9E7B-8DD67E67701D}
	EndGlobalSection
EndGlobal
